
Microsoft Visual Studio Solution File, Format Version 12.00
# Visual Studio Version 17
VisualStudioVersion = 17.3.32929.385
MinimumVisualStudioVersion = 10.0.40219.1
Project("{9A19103F-16F7-4668-BE54-9A1E7A4F7556}") = "ExchangeQuotesSource", "ExchangeQuotesSorce\ExchangeQuotesSource.csproj", "{29DE1467-4D72-4E2E-BE4F-72D4CD98A6E7}"
EndProject
Project("{9A19103F-16F7-4668-BE54-9A1E7A4F7556}") = "ExchangeQuotesReceiver", "ExchangeQuotesReceiver\ExchangeQuotesReceiver.csproj", "{5C01ADC7-071F-41EB-8331-7A7D009F2CEC}"
EndProject
Project("{9A19103F-16F7-4668-BE54-9A1E7A4F7556}") = "Chart", "Chart\Chart.csproj", "{345AB724-5CAB-4364-96FA-C89AB5D15E93}"
EndProject
Project("{2150E333-8FDC-42A3-9474-1A3956D46DE8}") = "Элементы решения", "Элементы решения", "{04BE7075-2FC0-4F55-9508-988E35375DA4}"
	ProjectSection(SolutionItems) = preProject
		readme.md = readme.md
	EndProjectSection
EndProject
Project("{8BC9CEB8-8B4A-11D0-8D11-00A0C91BC942}") = "stat", "stat\stat.vcxproj", "{C5CE87B6-455A-42CE-AA84-0DCF2A70CABC}"
EndProject
Project("{8BC9CEB8-8B4A-11D0-8D11-00A0C91BC942}") = "statlnx", "statlnx\statlnx.vcxproj", "{7BED68F8-AD23-4D6B-BD1A-F3D50C19E3B9}"
EndProject
Global
	GlobalSection(SolutionConfigurationPlatforms) = preSolution
		Debug|Any CPU = Debug|Any CPU
		Debug|ARM = Debug|ARM
		Debug|ARM64 = Debug|ARM64
		Debug|x64 = Debug|x64
		Debug|x86 = Debug|x86
		Release|Any CPU = Release|Any CPU
		Release|ARM = Release|ARM
		Release|ARM64 = Release|ARM64
		Release|x64 = Release|x64
		Release|x86 = Release|x86
	EndGlobalSection
	GlobalSection(ProjectConfigurationPlatforms) = postSolution
		{29DE1467-4D72-4E2E-BE4F-72D4CD98A6E7}.Debug|Any CPU.ActiveCfg = Debug|Any CPU
		{29DE1467-4D72-4E2E-BE4F-72D4CD98A6E7}.Debug|Any CPU.Build.0 = Debug|Any CPU
		{29DE1467-4D72-4E2E-BE4F-72D4CD98A6E7}.Debug|ARM.ActiveCfg = Debug|Any CPU
		{29DE1467-4D72-4E2E-BE4F-72D4CD98A6E7}.Debug|ARM.Build.0 = Debug|Any CPU
		{29DE1467-4D72-4E2E-BE4F-72D4CD98A6E7}.Debug|ARM64.ActiveCfg = Debug|Any CPU
		{29DE1467-4D72-4E2E-BE4F-72D4CD98A6E7}.Debug|ARM64.Build.0 = Debug|Any CPU
		{29DE1467-4D72-4E2E-BE4F-72D4CD98A6E7}.Debug|x64.ActiveCfg = Debug|x64
		{29DE1467-4D72-4E2E-BE4F-72D4CD98A6E7}.Debug|x64.Build.0 = Debug|x64
		{29DE1467-4D72-4E2E-BE4F-72D4CD98A6E7}.Debug|x86.ActiveCfg = Debug|Any CPU
		{29DE1467-4D72-4E2E-BE4F-72D4CD98A6E7}.Debug|x86.Build.0 = Debug|Any CPU
		{29DE1467-4D72-4E2E-BE4F-72D4CD98A6E7}.Release|Any CPU.ActiveCfg = Release|Any CPU
		{29DE1467-4D72-4E2E-BE4F-72D4CD98A6E7}.Release|Any CPU.Build.0 = Release|Any CPU
		{29DE1467-4D72-4E2E-BE4F-72D4CD98A6E7}.Release|ARM.ActiveCfg = Release|Any CPU
		{29DE1467-4D72-4E2E-BE4F-72D4CD98A6E7}.Release|ARM.Build.0 = Release|Any CPU
		{29DE1467-4D72-4E2E-BE4F-72D4CD98A6E7}.Release|ARM64.ActiveCfg = Release|Any CPU
		{29DE1467-4D72-4E2E-BE4F-72D4CD98A6E7}.Release|ARM64.Build.0 = Release|Any CPU
		{29DE1467-4D72-4E2E-BE4F-72D4CD98A6E7}.Release|x64.ActiveCfg = Release|x64
		{29DE1467-4D72-4E2E-BE4F-72D4CD98A6E7}.Release|x64.Build.0 = Release|x64
		{29DE1467-4D72-4E2E-BE4F-72D4CD98A6E7}.Release|x86.ActiveCfg = Release|Any CPU
		{29DE1467-4D72-4E2E-BE4F-72D4CD98A6E7}.Release|x86.Build.0 = Release|Any CPU
		{5C01ADC7-071F-41EB-8331-7A7D009F2CEC}.Debug|Any CPU.ActiveCfg = Debug|Any CPU
		{5C01ADC7-071F-41EB-8331-7A7D009F2CEC}.Debug|Any CPU.Build.0 = Debug|Any CPU
		{5C01ADC7-071F-41EB-8331-7A7D009F2CEC}.Debug|ARM.ActiveCfg = Debug|Any CPU
		{5C01ADC7-071F-41EB-8331-7A7D009F2CEC}.Debug|ARM.Build.0 = Debug|Any CPU
		{5C01ADC7-071F-41EB-8331-7A7D009F2CEC}.Debug|ARM64.ActiveCfg = Debug|Any CPU
		{5C01ADC7-071F-41EB-8331-7A7D009F2CEC}.Debug|ARM64.Build.0 = Debug|Any CPU
		{5C01ADC7-071F-41EB-8331-7A7D009F2CEC}.Debug|x64.ActiveCfg = Debug|x64
		{5C01ADC7-071F-41EB-8331-7A7D009F2CEC}.Debug|x64.Build.0 = Debug|x64
		{5C01ADC7-071F-41EB-8331-7A7D009F2CEC}.Debug|x86.ActiveCfg = Debug|Any CPU
		{5C01ADC7-071F-41EB-8331-7A7D009F2CEC}.Debug|x86.Build.0 = Debug|Any CPU
		{5C01ADC7-071F-41EB-8331-7A7D009F2CEC}.Release|Any CPU.ActiveCfg = Release|Any CPU
		{5C01ADC7-071F-41EB-8331-7A7D009F2CEC}.Release|Any CPU.Build.0 = Release|Any CPU
		{5C01ADC7-071F-41EB-8331-7A7D009F2CEC}.Release|ARM.ActiveCfg = Release|Any CPU
		{5C01ADC7-071F-41EB-8331-7A7D009F2CEC}.Release|ARM.Build.0 = Release|Any CPU
		{5C01ADC7-071F-41EB-8331-7A7D009F2CEC}.Release|ARM64.ActiveCfg = Release|Any CPU
		{5C01ADC7-071F-41EB-8331-7A7D009F2CEC}.Release|ARM64.Build.0 = Release|Any CPU
		{5C01ADC7-071F-41EB-8331-7A7D009F2CEC}.Release|x64.ActiveCfg = Release|x64
		{5C01ADC7-071F-41EB-8331-7A7D009F2CEC}.Release|x64.Build.0 = Release|x64
		{5C01ADC7-071F-41EB-8331-7A7D009F2CEC}.Release|x86.ActiveCfg = Release|Any CPU
		{5C01ADC7-071F-41EB-8331-7A7D009F2CEC}.Release|x86.Build.0 = Release|Any CPU
		{345AB724-5CAB-4364-96FA-C89AB5D15E93}.Debug|Any CPU.ActiveCfg = Debug|Any CPU
		{345AB724-5CAB-4364-96FA-C89AB5D15E93}.Debug|Any CPU.Build.0 = Debug|Any CPU
		{345AB724-5CAB-4364-96FA-C89AB5D15E93}.Debug|ARM.ActiveCfg = Debug|Any CPU
		{345AB724-5CAB-4364-96FA-C89AB5D15E93}.Debug|ARM.Build.0 = Debug|Any CPU
		{345AB724-5CAB-4364-96FA-C89AB5D15E93}.Debug|ARM64.ActiveCfg = Debug|Any CPU
		{345AB724-5CAB-4364-96FA-C89AB5D15E93}.Debug|ARM64.Build.0 = Debug|Any CPU
		{345AB724-5CAB-4364-96FA-C89AB5D15E93}.Debug|x64.ActiveCfg = Debug|x64
		{345AB724-5CAB-4364-96FA-C89AB5D15E93}.Debug|x64.Build.0 = Debug|x64
		{345AB724-5CAB-4364-96FA-C89AB5D15E93}.Debug|x86.ActiveCfg = Debug|Any CPU
		{345AB724-5CAB-4364-96FA-C89AB5D15E93}.Debug|x86.Build.0 = Debug|Any CPU
		{345AB724-5CAB-4364-96FA-C89AB5D15E93}.Release|Any CPU.ActiveCfg = Release|Any CPU
		{345AB724-5CAB-4364-96FA-C89AB5D15E93}.Release|Any CPU.Build.0 = Release|Any CPU
		{345AB724-5CAB-4364-96FA-C89AB5D15E93}.Release|ARM.ActiveCfg = Release|Any CPU
		{345AB724-5CAB-4364-96FA-C89AB5D15E93}.Release|ARM.Build.0 = Release|Any CPU
		{345AB724-5CAB-4364-96FA-C89AB5D15E93}.Release|ARM64.ActiveCfg = Release|Any CPU
		{345AB724-5CAB-4364-96FA-C89AB5D15E93}.Release|ARM64.Build.0 = Release|Any CPU
		{345AB724-5CAB-4364-96FA-C89AB5D15E93}.Release|x64.ActiveCfg = Release|x64
		{345AB724-5CAB-4364-96FA-C89AB5D15E93}.Release|x64.Build.0 = Release|x64
		{345AB724-5CAB-4364-96FA-C89AB5D15E93}.Release|x86.ActiveCfg = Release|Any CPU
		{345AB724-5CAB-4364-96FA-C89AB5D15E93}.Release|x86.Build.0 = Release|Any CPU
		{C5CE87B6-455A-42CE-AA84-0DCF2A70CABC}.Debug|Any CPU.ActiveCfg = Debug|x64
		{C5CE87B6-455A-42CE-AA84-0DCF2A70CABC}.Debug|Any CPU.Build.0 = Debug|x64
		{C5CE87B6-455A-42CE-AA84-0DCF2A70CABC}.Debug|ARM.ActiveCfg = Debug|x64
		{C5CE87B6-455A-42CE-AA84-0DCF2A70CABC}.Debug|ARM.Build.0 = Debug|x64
		{C5CE87B6-455A-42CE-AA84-0DCF2A70CABC}.Debug|ARM64.ActiveCfg = Debug|x64
		{C5CE87B6-455A-42CE-AA84-0DCF2A70CABC}.Debug|ARM64.Build.0 = Debug|x64
		{C5CE87B6-455A-42CE-AA84-0DCF2A70CABC}.Debug|x64.ActiveCfg = Debug|x64
		{C5CE87B6-455A-42CE-AA84-0DCF2A70CABC}.Debug|x64.Build.0 = Debug|x64
		{C5CE87B6-455A-42CE-AA84-0DCF2A70CABC}.Debug|x86.ActiveCfg = Debug|Win32
		{C5CE87B6-455A-42CE-AA84-0DCF2A70CABC}.Debug|x86.Build.0 = Debug|Win32
		{C5CE87B6-455A-42CE-AA84-0DCF2A70CABC}.Release|Any CPU.ActiveCfg = Release|x64
		{C5CE87B6-455A-42CE-AA84-0DCF2A70CABC}.Release|Any CPU.Build.0 = Release|x64
		{C5CE87B6-455A-42CE-AA84-0DCF2A70CABC}.Release|ARM.ActiveCfg = Release|x64
		{C5CE87B6-455A-42CE-AA84-0DCF2A70CABC}.Release|ARM.Build.0 = Release|x64
		{C5CE87B6-455A-42CE-AA84-0DCF2A70CABC}.Release|ARM64.ActiveCfg = Release|x64
		{C5CE87B6-455A-42CE-AA84-0DCF2A70CABC}.Release|ARM64.Build.0 = Release|x64
		{C5CE87B6-455A-42CE-AA84-0DCF2A70CABC}.Release|x64.ActiveCfg = Release|x64
		{C5CE87B6-455A-42CE-AA84-0DCF2A70CABC}.Release|x64.Build.0 = Release|x64
		{C5CE87B6-455A-42CE-AA84-0DCF2A70CABC}.Release|x86.ActiveCfg = Release|Win32
		{C5CE87B6-455A-42CE-AA84-0DCF2A70CABC}.Release|x86.Build.0 = Release|Win32
		{7BED68F8-AD23-4D6B-BD1A-F3D50C19E3B9}.Debug|Any CPU.ActiveCfg = Debug|x64
		{7BED68F8-AD23-4D6B-BD1A-F3D50C19E3B9}.Debug|Any CPU.Build.0 = Debug|x64
		{7BED68F8-AD23-4D6B-BD1A-F3D50C19E3B9}.Debug|Any CPU.Deploy.0 = Debug|x64
		{7BED68F8-AD23-4D6B-BD1A-F3D50C19E3B9}.Debug|ARM.ActiveCfg = Debug|ARM
		{7BED68F8-AD23-4D6B-BD1A-F3D50C19E3B9}.Debug|ARM.Build.0 = Debug|ARM
		{7BED68F8-AD23-4D6B-BD1A-F3D50C19E3B9}.Debug|ARM.Deploy.0 = Debug|ARM
		{7BED68F8-AD23-4D6B-BD1A-F3D50C19E3B9}.Debug|ARM64.ActiveCfg = Debug|ARM64
		{7BED68F8-AD23-4D6B-BD1A-F3D50C19E3B9}.Debug|ARM64.Build.0 = Debug|ARM64
		{7BED68F8-AD23-4D6B-BD1A-F3D50C19E3B9}.Debug|ARM64.Deploy.0 = Debug|ARM64
		{7BED68F8-AD23-4D6B-BD1A-F3D50C19E3B9}.Debug|x64.ActiveCfg = Debug|x64
		{7BED68F8-AD23-4D6B-BD1A-F3D50C19E3B9}.Debug|x64.Build.0 = Debug|x64
		{7BED68F8-AD23-4D6B-BD1A-F3D50C19E3B9}.Debug|x64.Deploy.0 = Debug|x64
		{7BED68F8-AD23-4D6B-BD1A-F3D50C19E3B9}.Debug|x86.ActiveCfg = Debug|x86
		{7BED68F8-AD23-4D6B-BD1A-F3D50C19E3B9}.Debug|x86.Build.0 = Debug|x86
		{7BED68F8-AD23-4D6B-BD1A-F3D50C19E3B9}.Debug|x86.Deploy.0 = Debug|x86
		{7BED68F8-AD23-4D6B-BD1A-F3D50C19E3B9}.Release|Any CPU.ActiveCfg = Release|x64
		{7BED68F8-AD23-4D6B-BD1A-F3D50C19E3B9}.Release|Any CPU.Build.0 = Release|x64
		{7BED68F8-AD23-4D6B-BD1A-F3D50C19E3B9}.Release|Any CPU.Deploy.0 = Release|x64
		{7BED68F8-AD23-4D6B-BD1A-F3D50C19E3B9}.Release|ARM.ActiveCfg = Release|ARM
		{7BED68F8-AD23-4D6B-BD1A-F3D50C19E3B9}.Release|ARM.Build.0 = Release|ARM
		{7BED68F8-AD23-4D6B-BD1A-F3D50C19E3B9}.Release|ARM.Deploy.0 = Release|ARM
		{7BED68F8-AD23-4D6B-BD1A-F3D50C19E3B9}.Release|ARM64.ActiveCfg = Release|ARM64
		{7BED68F8-AD23-4D6B-BD1A-F3D50C19E3B9}.Release|ARM64.Build.0 = Release|ARM64
		{7BED68F8-AD23-4D6B-BD1A-F3D50C19E3B9}.Release|ARM64.Deploy.0 = Release|ARM64
		{7BED68F8-AD23-4D6B-BD1A-F3D50C19E3B9}.Release|x64.ActiveCfg = Release|x64
		{7BED68F8-AD23-4D6B-BD1A-F3D50C19E3B9}.Release|x64.Build.0 = Release|x64
		{7BED68F8-AD23-4D6B-BD1A-F3D50C19E3B9}.Release|x64.Deploy.0 = Release|x64
		{7BED68F8-AD23-4D6B-BD1A-F3D50C19E3B9}.Release|x86.ActiveCfg = Release|x86
		{7BED68F8-AD23-4D6B-BD1A-F3D50C19E3B9}.Release|x86.Build.0 = Release|x86
		{7BED68F8-AD23-4D6B-BD1A-F3D50C19E3B9}.Release|x86.Deploy.0 = Release|x86
	EndGlobalSection
	GlobalSection(SolutionProperties) = preSolution
		HideSolutionNode = FALSE
	EndGlobalSection
	GlobalSection(ExtensibilityGlobals) = postSolution
		SolutionGuid = {8699D760-94E5-4E00-ADDF-35A6C2B34617}
	EndGlobalSection
EndGlobal
